{
  "originHash" : "f63196f350dd5ff9531787b29d4d78806848136779b7bed19f76b65d892a6c4c",
  "pins" : [
    {
      "identity" : "opaldiagnostics",
      "kind" : "remoteSourceControl",
      "location" : "https://github.com/58opals/OpalDiagnostics.git",
      "state" : {
        "branch" : "develop",
        "revision" : "faa4a9a0d88b1ee3624ee6386cb9b3c6be24beaa"
      }
    }
  ],
  "version" : 3
}
