{
  "originHash" : "71e85bf2214e78efa454a4fe5937e428925d3927a3882dbf1efc6bbb78dbcb9a",
  "pins" : [
    {
      "identity" : "opaldiagnostics",
      "kind" : "remoteSourceControl",
      "location" : "https://github.com/58opals/OpalDiagnostics.git",
      "state" : {
        "branch" : "develop",
        "revision" : "7cd2e383309821e01903077c1e534174f9c8a964"
      }
    }
  ],
  "version" : 3
}
