{
  "originHash" : "87730f153e6f17db9cf24d5da011184cd3d7544b37e91ec89f9d1ba631bddce7",
  "pins" : [
    {
      "identity" : "opaldiagnostics",
      "kind" : "remoteSourceControl",
      "location" : "https://github.com/58opals/OpalDiagnostics.git",
      "state" : {
        "revision" : "8c42eeb40d64776789e70694e4e5006d2afa400c",
        "version" : "0.2.0"
      }
    }
  ],
  "version" : 3
}
